
Microsoft Visual Studio Solution File, Format Version 12.00
# Visual Studio Version 17
VisualStudioVersion = 17.9.34728.123
MinimumVisualStudioVersion = 10.0.40219.1
Project("{FAE04EC0-301F-11D3-BF4B-00C04F79EFBC}") = "TxtGame", "TxtGame\TxtGame.csproj", "{92EAFB2F-BA17-465B-96D1-021D0585EE5F}"
EndProject
Global
	GlobalSection(SolutionConfigurationPlatforms) = preSolution
		Debug|Any CPU = Debug|Any CPU
		Release|Any CPU = Release|Any CPU
	EndGlobalSection
	GlobalSection(ProjectConfigurationPlatforms) = postSolution
		{92EAFB2F-BA17-465B-96D1-021D0585EE5F}.Debug|Any CPU.ActiveCfg = Debug|Any CPU
		{92EAFB2F-BA17-465B-96D1-021D0585EE5F}.Debug|Any CPU.Build.0 = Debug|Any CPU
		{92EAFB2F-BA17-465B-96D1-021D0585EE5F}.Release|Any CPU.ActiveCfg = Release|Any CPU
		{92EAFB2F-BA17-465B-96D1-021D0585EE5F}.Release|Any CPU.Build.0 = Release|Any CPU
	EndGlobalSection
	GlobalSection(SolutionProperties) = preSolution
		HideSolutionNode = FALSE
	EndGlobalSection
	GlobalSection(ExtensibilityGlobals) = postSolution
		SolutionGuid = {1C7A9537-8A3A-4CD6-891D-ED39CFC9F0C9}
	EndGlobalSection
EndGlobal
